// !$*UTF8*$!
{
	archiveVersion = 1;
	classes = {
	};
	objectVersion = 46;
	objects = {

/* Begin PBXBuildFile section */
		172FE24360758F008B74CC02 /* libPods-VONetworking.a in Frameworks */ = {isa = PBXBuildFile; fileRef = D65D920301E18B6612E244F0 /* libPods-VONetworking.a */; };
		6003F5B0195388D20070C39A /* XCTest.framework in Frameworks */ = {isa = PBXBuildFile; fileRef = 6003F5AF195388D20070C39A /* XCTest.framework */; };
		6003F5B1195388D20070C39A /* Foundation.framework in Frameworks */ = {isa = PBXBuildFile; fileRef = 6003F58D195388D20070C39A /* Foundation.framework */; };
		6003F5B2195388D20070C39A /* UIKit.framework in Frameworks */ = {isa = PBXBuildFile; fileRef = 6003F591195388D20070C39A /* UIKit.framework */; };
		6003F5BA195388D20070C39A /* InfoPlist.strings in Resources */ = {isa = PBXBuildFile; fileRef = 6003F5B8195388D20070C39A /* InfoPlist.strings */; };
		6003F5BC195388D20070C39A /* Tests.m in Sources */ = {isa = PBXBuildFile; fileRef = 6003F5BB195388D20070C39A /* Tests.m */; };
		86E0EA302091BC260052AE09 /* VOCacheManager.m in Sources */ = {isa = PBXBuildFile; fileRef = 86E0EA202091BC260052AE09 /* VOCacheManager.m */; };
		86E0EA312091BC260052AE09 /* VODiskCache.m in Sources */ = {isa = PBXBuildFile; fileRef = 86E0EA222091BC260052AE09 /* VODiskCache.m */; };
		86E0EA322091BC260052AE09 /* VOLRUManager.m in Sources */ = {isa = PBXBuildFile; fileRef = 86E0EA242091BC260052AE09 /* VOLRUManager.m */; };
		86E0EA332091BC260052AE09 /* VOMemoryCache.m in Sources */ = {isa = PBXBuildFile; fileRef = 86E0EA262091BC260052AE09 /* VOMemoryCache.m */; };
		86E0EA342091BC260052AE09 /* VONetworking+RequestManager.m in Sources */ = {isa = PBXBuildFile; fileRef = 86E0EA292091BC260052AE09 /* VONetworking+RequestManager.m */; };
		86E0EA352091BC260052AE09 /* enviroment.plist in Resources */ = {isa = PBXBuildFile; fileRef = 86E0EA2B2091BC260052AE09 /* enviroment.plist */; };
		86E0EA362091BC260052AE09 /* VONetworking+Session.m in Sources */ = {isa = PBXBuildFile; fileRef = 86E0EA2D2091BC260052AE09 /* VONetworking+Session.m */; };
		86E0EA372091BC260052AE09 /* VONetworking.m in Sources */ = {isa = PBXBuildFile; fileRef = 86E0EA2F2091BC260052AE09 /* VONetworking.m */; };
		B335AF0FCD089C61AE6F2ACE /* Pods_VONetworking_Tests.framework in Frameworks */ = {isa = PBXBuildFile; fileRef = 4FC13C024761EF0F9D439575 /* Pods_VONetworking_Tests.framework */; };
/* End PBXBuildFile section */

/* Begin PBXFileReference section */
		428E8721A7D3DCEDFAEB7041 /* Pods-VONetworking.debug.xcconfig */ = {isa = PBXFileReference; includeInIndex = 1; lastKnownFileType = text.xcconfig; name = "Pods-VONetworking.debug.xcconfig"; path = "Pods/Target Support Files/Pods-VONetworking/Pods-VONetworking.debug.xcconfig"; sourceTree = "<group>"; };
		4A7340D6F745258126BEEF3B /* Pods-VONetworking.release.xcconfig */ = {isa = PBXFileReference; includeInIndex = 1; lastKnownFileType = text.xcconfig; name = "Pods-VONetworking.release.xcconfig"; path = "Pods/Target Support Files/Pods-VONetworking/Pods-VONetworking.release.xcconfig"; sourceTree = "<group>"; };
		4FC13C024761EF0F9D439575 /* Pods_VONetworking_Tests.framework */ = {isa = PBXFileReference; explicitFileType = wrapper.framework; includeInIndex = 0; path = Pods_VONetworking_Tests.framework; sourceTree = BUILT_PRODUCTS_DIR; };
		6003F58D195388D20070C39A /* Foundation.framework */ = {isa = PBXFileReference; lastKnownFileType = wrapper.framework; name = Foundation.framework; path = System/Library/Frameworks/Foundation.framework; sourceTree = SDKROOT; };
		6003F58F195388D20070C39A /* CoreGraphics.framework */ = {isa = PBXFileReference; lastKnownFileType = wrapper.framework; name = CoreGraphics.framework; path = System/Library/Frameworks/CoreGraphics.framework; sourceTree = SDKROOT; };
		6003F591195388D20070C39A /* UIKit.framework */ = {isa = PBXFileReference; lastKnownFileType = wrapper.framework; name = UIKit.framework; path = System/Library/Frameworks/UIKit.framework; sourceTree = SDKROOT; };
		6003F5AE195388D20070C39A /* VONetworking.xctest */ = {isa = PBXFileReference; explicitFileType = wrapper.cfbundle; includeInIndex = 0; path = VONetworking.xctest; sourceTree = BUILT_PRODUCTS_DIR; };
		6003F5AF195388D20070C39A /* XCTest.framework */ = {isa = PBXFileReference; lastKnownFileType = wrapper.framework; name = XCTest.framework; path = Library/Frameworks/XCTest.framework; sourceTree = DEVELOPER_DIR; };
		6003F5B7195388D20070C39A /* Tests-Info.plist */ = {isa = PBXFileReference; lastKnownFileType = text.plist.xml; path = "Tests-Info.plist"; sourceTree = "<group>"; };
		6003F5B9195388D20070C39A /* en */ = {isa = PBXFileReference; lastKnownFileType = text.plist.strings; name = en; path = en.lproj/InfoPlist.strings; sourceTree = "<group>"; };
		6003F5BB195388D20070C39A /* Tests.m */ = {isa = PBXFileReference; lastKnownFileType = sourcecode.c.objc; path = Tests.m; sourceTree = "<group>"; };
		606FC2411953D9B200FFA9A0 /* Tests-Prefix.pch */ = {isa = PBXFileReference; lastKnownFileType = sourcecode.c.h; path = "Tests-Prefix.pch"; sourceTree = "<group>"; };
		86E0EA1F2091BC260052AE09 /* VOCacheManager.h */ = {isa = PBXFileReference; fileEncoding = 4; lastKnownFileType = sourcecode.c.h; path = VOCacheManager.h; sourceTree = "<group>"; };
		86E0EA202091BC260052AE09 /* VOCacheManager.m */ = {isa = PBXFileReference; fileEncoding = 4; lastKnownFileType = sourcecode.c.objc; path = VOCacheManager.m; sourceTree = "<group>"; };
		86E0EA212091BC260052AE09 /* VODiskCache.h */ = {isa = PBXFileReference; fileEncoding = 4; lastKnownFileType = sourcecode.c.h; path = VODiskCache.h; sourceTree = "<group>"; };
		86E0EA222091BC260052AE09 /* VODiskCache.m */ = {isa = PBXFileReference; fileEncoding = 4; lastKnownFileType = sourcecode.c.objc; path = VODiskCache.m; sourceTree = "<group>"; };
		86E0EA232091BC260052AE09 /* VOLRUManager.h */ = {isa = PBXFileReference; fileEncoding = 4; lastKnownFileType = sourcecode.c.h; path = VOLRUManager.h; sourceTree = "<group>"; };
		86E0EA242091BC260052AE09 /* VOLRUManager.m */ = {isa = PBXFileReference; fileEncoding = 4; lastKnownFileType = sourcecode.c.objc; path = VOLRUManager.m; sourceTree = "<group>"; };
		86E0EA252091BC260052AE09 /* VOMemoryCache.h */ = {isa = PBXFileReference; fileEncoding = 4; lastKnownFileType = sourcecode.c.h; path = VOMemoryCache.h; sourceTree = "<group>"; };
		86E0EA262091BC260052AE09 /* VOMemoryCache.m */ = {isa = PBXFileReference; fileEncoding = 4; lastKnownFileType = sourcecode.c.objc; path = VOMemoryCache.m; sourceTree = "<group>"; };
		86E0EA282091BC260052AE09 /* VONetworking+RequestManager.h */ = {isa = PBXFileReference; fileEncoding = 4; lastKnownFileType = sourcecode.c.h; path = "VONetworking+RequestManager.h"; sourceTree = "<group>"; };
		86E0EA292091BC260052AE09 /* VONetworking+RequestManager.m */ = {isa = PBXFileReference; fileEncoding = 4; lastKnownFileType = sourcecode.c.objc; path = "VONetworking+RequestManager.m"; sourceTree = "<group>"; };
		86E0EA2B2091BC260052AE09 /* enviroment.plist */ = {isa = PBXFileReference; fileEncoding = 4; lastKnownFileType = text.plist.xml; path = enviroment.plist; sourceTree = "<group>"; };
		86E0EA2C2091BC260052AE09 /* VONetworking+Session.h */ = {isa = PBXFileReference; fileEncoding = 4; lastKnownFileType = sourcecode.c.h; path = "VONetworking+Session.h"; sourceTree = "<group>"; };
		86E0EA2D2091BC260052AE09 /* VONetworking+Session.m */ = {isa = PBXFileReference; fileEncoding = 4; lastKnownFileType = sourcecode.c.objc; path = "VONetworking+Session.m"; sourceTree = "<group>"; };
		86E0EA2E2091BC260052AE09 /* VONetworking.h */ = {isa = PBXFileReference; fileEncoding = 4; lastKnownFileType = sourcecode.c.h; path = VONetworking.h; sourceTree = "<group>"; };
		86E0EA2F2091BC260052AE09 /* VONetworking.m */ = {isa = PBXFileReference; fileEncoding = 4; lastKnownFileType = sourcecode.c.objc; path = VONetworking.m; sourceTree = "<group>"; };
		A4C1C6A9AF6278D53FFD7C27 /* Pods-VONetworking_Tests.debug.xcconfig */ = {isa = PBXFileReference; includeInIndex = 1; lastKnownFileType = text.xcconfig; name = "Pods-VONetworking_Tests.debug.xcconfig"; path = "Pods/Target Support Files/Pods-VONetworking_Tests/Pods-VONetworking_Tests.debug.xcconfig"; sourceTree = "<group>"; };
		D65D920301E18B6612E244F0 /* libPods-VONetworking.a */ = {isa = PBXFileReference; explicitFileType = archive.ar; includeInIndex = 0; path = "libPods-VONetworking.a"; sourceTree = BUILT_PRODUCTS_DIR; };
		D8D7D4C65BDAC49987DAA3D3 /* Pods-VONetworking_Tests.release.xcconfig */ = {isa = PBXFileReference; includeInIndex = 1; lastKnownFileType = text.xcconfig; name = "Pods-VONetworking_Tests.release.xcconfig"; path = "Pods/Target Support Files/Pods-VONetworking_Tests/Pods-VONetworking_Tests.release.xcconfig"; sourceTree = "<group>"; };
/* End PBXFileReference section */

/* Begin PBXFrameworksBuildPhase section */
		6003F5AB195388D20070C39A /* Frameworks */ = {
			isa = PBXFrameworksBuildPhase;
			buildActionMask = 2147483647;
			files = (
				6003F5B0195388D20070C39A /* XCTest.framework in Frameworks */,
				6003F5B2195388D20070C39A /* UIKit.framework in Frameworks */,
				6003F5B1195388D20070C39A /* Foundation.framework in Frameworks */,
				B335AF0FCD089C61AE6F2ACE /* Pods_VONetworking_Tests.framework in Frameworks */,
				172FE24360758F008B74CC02 /* libPods-VONetworking.a in Frameworks */,
			);
			runOnlyForDeploymentPostprocessing = 0;
		};
/* End PBXFrameworksBuildPhase section */

/* Begin PBXGroup section */
		6003F581195388D10070C39A = {
			isa = PBXGroup;
			children = (
				86E0EA1D2091BC260052AE09 /* VONetworking */,
				6003F5B5195388D20070C39A /* Tests */,
				6003F58C195388D20070C39A /* Frameworks */,
				6003F58B195388D20070C39A /* Products */,
				D511FE0DDFB0E31A4DEF79BD /* Pods */,
			);
			sourceTree = "<group>";
		};
		6003F58B195388D20070C39A /* Products */ = {
			isa = PBXGroup;
			children = (
				6003F5AE195388D20070C39A /* VONetworking.xctest */,
			);
			name = Products;
			sourceTree = "<group>";
		};
		6003F58C195388D20070C39A /* Frameworks */ = {
			isa = PBXGroup;
			children = (
				6003F58D195388D20070C39A /* Foundation.framework */,
				6003F58F195388D20070C39A /* CoreGraphics.framework */,
				6003F591195388D20070C39A /* UIKit.framework */,
				6003F5AF195388D20070C39A /* XCTest.framework */,
				4FC13C024761EF0F9D439575 /* Pods_VONetworking_Tests.framework */,
				D65D920301E18B6612E244F0 /* libPods-VONetworking.a */,
			);
			name = Frameworks;
			sourceTree = "<group>";
		};
		6003F5B5195388D20070C39A /* Tests */ = {
			isa = PBXGroup;
			children = (
				6003F5BB195388D20070C39A /* Tests.m */,
				6003F5B6195388D20070C39A /* Supporting Files */,
			);
			path = Tests;
			sourceTree = "<group>";
		};
		6003F5B6195388D20070C39A /* Supporting Files */ = {
			isa = PBXGroup;
			children = (
				6003F5B7195388D20070C39A /* Tests-Info.plist */,
				6003F5B8195388D20070C39A /* InfoPlist.strings */,
				606FC2411953D9B200FFA9A0 /* Tests-Prefix.pch */,
			);
			name = "Supporting Files";
			sourceTree = "<group>";
		};
		86E0EA1D2091BC260052AE09 /* VONetworking */ = {
			isa = PBXGroup;
			children = (
				86E0EA1E2091BC260052AE09 /* Cache */,
				86E0EA272091BC260052AE09 /* RequestManager */,
				86E0EA2A2091BC260052AE09 /* resource */,
				86E0EA2C2091BC260052AE09 /* VONetworking+Session.h */,
				86E0EA2D2091BC260052AE09 /* VONetworking+Session.m */,
				86E0EA2E2091BC260052AE09 /* VONetworking.h */,
				86E0EA2F2091BC260052AE09 /* VONetworking.m */,
			);
			path = VONetworking;
			sourceTree = "<group>";
		};
		86E0EA1E2091BC260052AE09 /* Cache */ = {
			isa = PBXGroup;
			children = (
				86E0EA1F2091BC260052AE09 /* VOCacheManager.h */,
				86E0EA202091BC260052AE09 /* VOCacheManager.m */,
				86E0EA212091BC260052AE09 /* VODiskCache.h */,
				86E0EA222091BC260052AE09 /* VODiskCache.m */,
				86E0EA232091BC260052AE09 /* VOLRUManager.h */,
				86E0EA242091BC260052AE09 /* VOLRUManager.m */,
				86E0EA252091BC260052AE09 /* VOMemoryCache.h */,
				86E0EA262091BC260052AE09 /* VOMemoryCache.m */,
			);
			path = Cache;
			sourceTree = "<group>";
		};
		86E0EA272091BC260052AE09 /* RequestManager */ = {
			isa = PBXGroup;
			children = (
				86E0EA282091BC260052AE09 /* VONetworking+RequestManager.h */,
				86E0EA292091BC260052AE09 /* VONetworking+RequestManager.m */,
			);
			path = RequestManager;
			sourceTree = "<group>";
		};
		86E0EA2A2091BC260052AE09 /* resource */ = {
			isa = PBXGroup;
			children = (
				86E0EA2B2091BC260052AE09 /* enviroment.plist */,
			);
			path = resource;
			sourceTree = "<group>";
		};
		D511FE0DDFB0E31A4DEF79BD /* Pods */ = {
			isa = PBXGroup;
			children = (
				A4C1C6A9AF6278D53FFD7C27 /* Pods-VONetworking_Tests.debug.xcconfig */,
				D8D7D4C65BDAC49987DAA3D3 /* Pods-VONetworking_Tests.release.xcconfig */,
				428E8721A7D3DCEDFAEB7041 /* Pods-VONetworking.debug.xcconfig */,
				4A7340D6F745258126BEEF3B /* Pods-VONetworking.release.xcconfig */,
			);
			name = Pods;
			sourceTree = "<group>";
		};
/* End PBXGroup section */

/* Begin PBXNativeTarget section */
		6003F5AD195388D20070C39A /* VONetworking */ = {
			isa = PBXNativeTarget;
			buildConfigurationList = 6003F5C2195388D20070C39A /* Build configuration list for PBXNativeTarget "VONetworking" */;
			buildPhases = (
				A7CD7A75AC51C41F84DFFD09 /* [CP] Check Pods Manifest.lock */,
				6003F5AA195388D20070C39A /* Sources */,
				6003F5AB195388D20070C39A /* Frameworks */,
				6003F5AC195388D20070C39A /* Resources */,
			);
			buildRules = (
			);
			dependencies = (
			);
			name = VONetworking;
			productName = VONetworkingTests;
			productReference = 6003F5AE195388D20070C39A /* VONetworking.xctest */;
			productType = "com.apple.product-type.bundle.unit-test";
		};
/* End PBXNativeTarget section */

/* Begin PBXProject section */
		6003F582195388D10070C39A /* Project object */ = {
			isa = PBXProject;
			attributes = {
				CLASSPREFIX = VO;
				LastUpgradeCheck = 0720;
				ORGANIZATIONNAME = "heguangzhong2009@gmail.com";
				TargetAttributes = {
					6003F5AD195388D20070C39A = {
						TestTargetID = 6003F589195388D20070C39A;
					};
				};
			};
			buildConfigurationList = 6003F585195388D10070C39A /* Build configuration list for PBXProject "VONetworking" */;
			compatibilityVersion = "Xcode 3.2";
			developmentRegion = English;
			hasScannedForEncodings = 0;
			knownRegions = (
				en,
				Base,
			);
			mainGroup = 6003F581195388D10070C39A;
			productRefGroup = 6003F58B195388D20070C39A /* Products */;
			projectDirPath = "";
			projectRoot = "";
			targets = (
				6003F5AD195388D20070C39A /* VONetworking */,
			);
		};
/* End PBXProject section */

/* Begin PBXResourcesBuildPhase section */
		6003F5AC195388D20070C39A /* Resources */ = {
			isa = PBXResourcesBuildPhase;
			buildActionMask = 2147483647;
			files = (
				6003F5BA195388D20070C39A /* InfoPlist.strings in Resources */,
				86E0EA352091BC260052AE09 /* enviroment.plist in Resources */,
			);
			runOnlyForDeploymentPostprocessing = 0;
		};
/* End PBXResourcesBuildPhase section */

/* Begin PBXShellScriptBuildPhase section */
		A7CD7A75AC51C41F84DFFD09 /* [CP] Check Pods Manifest.lock */ = {
			isa = PBXShellScriptBuildPhase;
			buildActionMask = 2147483647;
			files = (
			);
			inputPaths = (
				"${PODS_PODFILE_DIR_PATH}/Podfile.lock",
				"${PODS_ROOT}/Manifest.lock",
			);
			name = "[CP] Check Pods Manifest.lock";
			outputPaths = (
				"$(DERIVED_FILE_DIR)/Pods-VONetworking-checkManifestLockResult.txt",
			);
			runOnlyForDeploymentPostprocessing = 0;
			shellPath = /bin/sh;
			shellScript = "diff \"${PODS_PODFILE_DIR_PATH}/Podfile.lock\" \"${PODS_ROOT}/Manifest.lock\" > /dev/null\nif [ $? != 0 ] ; then\n    # print error to STDERR\n    echo \"error: The sandbox is not in sync with the Podfile.lock. Run 'pod install' or update your CocoaPods installation.\" >&2\n    exit 1\nfi\n# This output is used by Xcode 'outputs' to avoid re-running this script phase.\necho \"SUCCESS\" > \"${SCRIPT_OUTPUT_FILE_0}\"\n";
			showEnvVarsInLog = 0;
		};
/* End PBXShellScriptBuildPhase section */

/* Begin PBXSourcesBuildPhase section */
		6003F5AA195388D20070C39A /* Sources */ = {
			isa = PBXSourcesBuildPhase;
			buildActionMask = 2147483647;
			files = (
				86E0EA342091BC260052AE09 /* VONetworking+RequestManager.m in Sources */,
				86E0EA322091BC260052AE09 /* VOLRUManager.m in Sources */,
				86E0EA312091BC260052AE09 /* VODiskCache.m in Sources */,
				86E0EA362091BC260052AE09 /* VONetworking+Session.m in Sources */,
				6003F5BC195388D20070C39A /* Tests.m in Sources */,
				86E0EA332091BC260052AE09 /* VOMemoryCache.m in Sources */,
				86E0EA372091BC260052AE09 /* VONetworking.m in Sources */,
				86E0EA302091BC260052AE09 /* VOCacheManager.m in Sources */,
			);
			runOnlyForDeploymentPostprocessing = 0;
		};
/* End PBXSourcesBuildPhase section */

/* Begin PBXVariantGroup section */
		6003F5B8195388D20070C39A /* InfoPlist.strings */ = {
			isa = PBXVariantGroup;
			children = (
				6003F5B9195388D20070C39A /* en */,
			);
			name = InfoPlist.strings;
			sourceTree = "<group>";
		};
/* End PBXVariantGroup section */

/* Begin XCBuildConfiguration section */
		6003F5BD195388D20070C39A /* Debug */ = {
			isa = XCBuildConfiguration;
			buildSettings = {
				ALWAYS_SEARCH_USER_PATHS = NO;
				CLANG_CXX_LANGUAGE_STANDARD = "gnu++0x";
				CLANG_CXX_LIBRARY = "libc++";
				CLANG_ENABLE_MODULES = YES;
				CLANG_ENABLE_OBJC_ARC = YES;
				CLANG_WARN_BOOL_CONVERSION = YES;
				CLANG_WARN_CONSTANT_CONVERSION = YES;
				CLANG_WARN_DIRECT_OBJC_ISA_USAGE = YES_ERROR;
				CLANG_WARN_EMPTY_BODY = YES;
				CLANG_WARN_ENUM_CONVERSION = YES;
				CLANG_WARN_INT_CONVERSION = YES;
				CLANG_WARN_OBJC_ROOT_CLASS = YES_ERROR;
				CLANG_WARN__DUPLICATE_METHOD_MATCH = YES;
				"CODE_SIGN_IDENTITY[sdk=iphoneos*]" = "iPhone Developer";
				COPY_PHASE_STRIP = NO;
				ENABLE_TESTABILITY = YES;
				GCC_C_LANGUAGE_STANDARD = gnu99;
				GCC_DYNAMIC_NO_PIC = NO;
				GCC_OPTIMIZATION_LEVEL = 0;
				GCC_PREPROCESSOR_DEFINITIONS = (
					"DEBUG=1",
					"$(inherited)",
				);
				GCC_SYMBOLS_PRIVATE_EXTERN = NO;
				GCC_WARN_64_TO_32_BIT_CONVERSION = YES;
				GCC_WARN_ABOUT_RETURN_TYPE = YES_ERROR;
				GCC_WARN_UNDECLARED_SELECTOR = YES;
				GCC_WARN_UNINITIALIZED_AUTOS = YES_AGGRESSIVE;
				GCC_WARN_UNUSED_FUNCTION = YES;
				GCC_WARN_UNUSED_VARIABLE = YES;
				IPHONEOS_DEPLOYMENT_TARGET = 9.3;
				ONLY_ACTIVE_ARCH = YES;
				SDKROOT = iphoneos;
				TARGETED_DEVICE_FAMILY = "1,2";
			};
			name = Debug;
		};
		6003F5BE195388D20070C39A /* Release */ = {
			isa = XCBuildConfiguration;
			buildSettings = {
				ALWAYS_SEARCH_USER_PATHS = NO;
				CLANG_CXX_LANGUAGE_STANDARD = "gnu++0x";
				CLANG_CXX_LIBRARY = "libc++";
				CLANG_ENABLE_MODULES = YES;
				CLANG_ENABLE_OBJC_ARC = YES;
				CLANG_WARN_BOOL_CONVERSION = YES;
				CLANG_WARN_CONSTANT_CONVERSION = YES;
				CLANG_WARN_DIRECT_OBJC_ISA_USAGE = YES_ERROR;
				CLANG_WARN_EMPTY_BODY = YES;
				CLANG_WARN_ENUM_CONVERSION = YES;
				CLANG_WARN_INT_CONVERSION = YES;
				CLANG_WARN_OBJC_ROOT_CLASS = YES_ERROR;
				CLANG_WARN__DUPLICATE_METHOD_MATCH = YES;
				"CODE_SIGN_IDENTITY[sdk=iphoneos*]" = "iPhone Developer";
				COPY_PHASE_STRIP = YES;
				ENABLE_NS_ASSERTIONS = NO;
				GCC_C_LANGUAGE_STANDARD = gnu99;
				GCC_WARN_64_TO_32_BIT_CONVERSION = YES;
				GCC_WARN_ABOUT_RETURN_TYPE = YES_ERROR;
				GCC_WARN_UNDECLARED_SELECTOR = YES;
				GCC_WARN_UNINITIALIZED_AUTOS = YES_AGGRESSIVE;
				GCC_WARN_UNUSED_FUNCTION = YES;
				GCC_WARN_UNUSED_VARIABLE = YES;
				IPHONEOS_DEPLOYMENT_TARGET = 9.3;
				SDKROOT = iphoneos;
				TARGETED_DEVICE_FAMILY = "1,2";
				VALIDATE_PRODUCT = YES;
			};
			name = Release;
		};
		6003F5C3195388D20070C39A /* Debug */ = {
			isa = XCBuildConfiguration;
			baseConfigurationReference = 428E8721A7D3DCEDFAEB7041 /* Pods-VONetworking.debug.xcconfig */;
			buildSettings = {
				FRAMEWORK_SEARCH_PATHS = (
					"$(SDKROOT)/Developer/Library/Frameworks",
					"$(inherited)",
					"$(DEVELOPER_FRAMEWORKS_DIR)",
				);
				GCC_PRECOMPILE_PREFIX_HEADER = YES;
				GCC_PREFIX_HEADER = "Tests/Tests-Prefix.pch";
				GCC_PREPROCESSOR_DEFINITIONS = (
					"DEBUG=1",
					"$(inherited)",
				);
				INFOPLIST_FILE = "Tests/Tests-Info.plist";
				PRODUCT_BUNDLE_IDENTIFIER = "org.cocoapods.demo.${PRODUCT_NAME:rfc1034identifier}";
				PRODUCT_NAME = "$(TARGET_NAME)";
				TEST_HOST = "$(BUILT_PRODUCTS_DIR)/VONetworking_Example.app/VONetworking_Example";
				WRAPPER_EXTENSION = xctest;
			};
			name = Debug;
		};
		6003F5C4195388D20070C39A /* Release */ = {
			isa = XCBuildConfiguration;
			baseConfigurationReference = 4A7340D6F745258126BEEF3B /* Pods-VONetworking.release.xcconfig */;
			buildSettings = {
				FRAMEWORK_SEARCH_PATHS = (
					"$(SDKROOT)/Developer/Library/Frameworks",
					"$(inherited)",
					"$(DEVELOPER_FRAMEWORKS_DIR)",
				);
				GCC_PRECOMPILE_PREFIX_HEADER = YES;
				GCC_PREFIX_HEADER = "Tests/Tests-Prefix.pch";
				INFOPLIST_FILE = "Tests/Tests-Info.plist";
				PRODUCT_BUNDLE_IDENTIFIER = "org.cocoapods.demo.${PRODUCT_NAME:rfc1034identifier}";
				PRODUCT_NAME = "$(TARGET_NAME)";
				TEST_HOST = "$(BUILT_PRODUCTS_DIR)/VONetworking_Example.app/VONetworking_Example";
				WRAPPER_EXTENSION = xctest;
			};
			name = Release;
		};
/* End XCBuildConfiguration section */

/* Begin XCConfigurationList section */
		6003F585195388D10070C39A /* Build configuration list for PBXProject "VONetworking" */ = {
			isa = XCConfigurationList;
			buildConfigurations = (
				6003F5BD195388D20070C39A /* Debug */,
				6003F5BE195388D20070C39A /* Release */,
			);
			defaultConfigurationIsVisible = 0;
			defaultConfigurationName = Release;
		};
		6003F5C2195388D20070C39A /* Build configuration list for PBXNativeTarget "VONetworking" */ = {
			isa = XCConfigurationList;
			buildConfigurations = (
				6003F5C3195388D20070C39A /* Debug */,
				6003F5C4195388D20070C39A /* Release */,
			);
			defaultConfigurationIsVisible = 0;
			defaultConfigurationName = Release;
		};
/* End XCConfigurationList section */
	};
	rootObject = 6003F582195388D10070C39A /* Project object */;
}
